
Microsoft Visual Studio Solution File, Format Version 12.00
# Visual Studio 15
VisualStudioVersion = 15.0.27428.2043
MinimumVisualStudioVersion = 10.0.40219.1
Project("{8BC9CEB8-8B4A-11D0-8D11-00A0C91BC942}") = "p1", "objects\p1\p1.vcxproj", "{B06FAAEE-02A4-4A50-8528-9BB69B40090C}"
EndProject
Project("{8BC9CEB8-8B4A-11D0-8D11-00A0C91BC942}") = "p2", "objects\p2\p2.vcxproj", "{1E03E05F-DC11-4183-8A33-2BC02ABBCA49}"
EndProject
Project("{8BC9CEB8-8B4A-11D0-8D11-00A0C91BC942}") = "p3", "objects\p3\p3.vcxproj", "{B9C1B776-1692-453F-A02C-DB61B5C24CBA}"
EndProject
Project("{8BC9CEB8-8B4A-11D0-8D11-00A0C91BC942}") = "p4", "objects\p4\p4.vcxproj", "{6E0718BE-D3EF-40FA-8DB5-818801657883}"
EndProject
Global
	GlobalSection(SolutionConfigurationPlatforms) = preSolution
		Debug|x64 = Debug|x64
		Debug|x86 = Debug|x86
		Release|x64 = Release|x64
		Release|x86 = Release|x86
	EndGlobalSection
	GlobalSection(ProjectConfigurationPlatforms) = postSolution
		{B06FAAEE-02A4-4A50-8528-9BB69B40090C}.Debug|x64.ActiveCfg = Debug|x64
		{B06FAAEE-02A4-4A50-8528-9BB69B40090C}.Debug|x64.Build.0 = Debug|x64
		{B06FAAEE-02A4-4A50-8528-9BB69B40090C}.Debug|x86.ActiveCfg = Debug|Win32
		{B06FAAEE-02A4-4A50-8528-9BB69B40090C}.Debug|x86.Build.0 = Debug|Win32
		{B06FAAEE-02A4-4A50-8528-9BB69B40090C}.Release|x64.ActiveCfg = Release|x64
		{B06FAAEE-02A4-4A50-8528-9BB69B40090C}.Release|x64.Build.0 = Release|x64
		{B06FAAEE-02A4-4A50-8528-9BB69B40090C}.Release|x86.ActiveCfg = Release|Win32
		{B06FAAEE-02A4-4A50-8528-9BB69B40090C}.Release|x86.Build.0 = Release|Win32
		{1E03E05F-DC11-4183-8A33-2BC02ABBCA49}.Debug|x64.ActiveCfg = Debug|x64
		{1E03E05F-DC11-4183-8A33-2BC02ABBCA49}.Debug|x64.Build.0 = Debug|x64
		{1E03E05F-DC11-4183-8A33-2BC02ABBCA49}.Debug|x86.ActiveCfg = Debug|Win32
		{1E03E05F-DC11-4183-8A33-2BC02ABBCA49}.Debug|x86.Build.0 = Debug|Win32
		{1E03E05F-DC11-4183-8A33-2BC02ABBCA49}.Release|x64.ActiveCfg = Release|x64
		{1E03E05F-DC11-4183-8A33-2BC02ABBCA49}.Release|x64.Build.0 = Release|x64
		{1E03E05F-DC11-4183-8A33-2BC02ABBCA49}.Release|x86.ActiveCfg = Release|Win32
		{1E03E05F-DC11-4183-8A33-2BC02ABBCA49}.Release|x86.Build.0 = Release|Win32
		{B9C1B776-1692-453F-A02C-DB61B5C24CBA}.Debug|x64.ActiveCfg = Debug|x64
		{B9C1B776-1692-453F-A02C-DB61B5C24CBA}.Debug|x64.Build.0 = Debug|x64
		{B9C1B776-1692-453F-A02C-DB61B5C24CBA}.Debug|x86.ActiveCfg = Debug|Win32
		{B9C1B776-1692-453F-A02C-DB61B5C24CBA}.Debug|x86.Build.0 = Debug|Win32
		{B9C1B776-1692-453F-A02C-DB61B5C24CBA}.Release|x64.ActiveCfg = Release|x64
		{B9C1B776-1692-453F-A02C-DB61B5C24CBA}.Release|x64.Build.0 = Release|x64
		{B9C1B776-1692-453F-A02C-DB61B5C24CBA}.Release|x86.ActiveCfg = Release|Win32
		{B9C1B776-1692-453F-A02C-DB61B5C24CBA}.Release|x86.Build.0 = Release|Win32
		{6E0718BE-D3EF-40FA-8DB5-818801657883}.Debug|x64.ActiveCfg = Debug|x64
		{6E0718BE-D3EF-40FA-8DB5-818801657883}.Debug|x64.Build.0 = Debug|x64
		{6E0718BE-D3EF-40FA-8DB5-818801657883}.Debug|x86.ActiveCfg = Debug|Win32
		{6E0718BE-D3EF-40FA-8DB5-818801657883}.Debug|x86.Build.0 = Debug|Win32
		{6E0718BE-D3EF-40FA-8DB5-818801657883}.Release|x64.ActiveCfg = Release|x64
		{6E0718BE-D3EF-40FA-8DB5-818801657883}.Release|x64.Build.0 = Release|x64
		{6E0718BE-D3EF-40FA-8DB5-818801657883}.Release|x86.ActiveCfg = Release|Win32
		{6E0718BE-D3EF-40FA-8DB5-818801657883}.Release|x86.Build.0 = Release|Win32
	EndGlobalSection
	GlobalSection(SolutionProperties) = preSolution
		HideSolutionNode = FALSE
	EndGlobalSection
	GlobalSection(ExtensibilityGlobals) = postSolution
		SolutionGuid = {101C83E4-4EB3-4E52-94F7-74608C288F63}
	EndGlobalSection
EndGlobal
